// !$*UTF8*$!
{
	archiveVersion = 1;
	classes = {
	};
	objectVersion = 50;
	objects = {

/* Begin PBXBuildFile section */
		4D0C2AB7245D8D3E00D0B6E5 /* ViewModelTests.swift in Sources */ = {isa = PBXBuildFile; fileRef = 4D0C2AB6245D8D3E00D0B6E5 /* ViewModelTests.swift */; };
		4D1F991224916B54005BCAB1 /* EraseButton.swift in Sources */ = {isa = PBXBuildFile; fileRef = 4D1F991124916B54005BCAB1 /* EraseButton.swift */; };
		4D1F99142491760C005BCAB1 /* MultiplicationAnswerView.swift in Sources */ = {isa = PBXBuildFile; fileRef = 4D1F99132491760C005BCAB1 /* MultiplicationAnswerView.swift */; };
		4D22E5322447310F009A54ED /* AppDelegate.swift in Sources */ = {isa = PBXBuildFile; fileRef = 4D22E5312447310F009A54ED /* AppDelegate.swift */; };
		4D22E5342447310F009A54ED /* SceneDelegate.swift in Sources */ = {isa = PBXBuildFile; fileRef = 4D22E5332447310F009A54ED /* SceneDelegate.swift */; };
		4D22E5372447310F009A54ED /* MultiplyBy.xcdatamodeld in Sources */ = {isa = PBXBuildFile; fileRef = 4D22E5352447310F009A54ED /* MultiplyBy.xcdatamodeld */; };
		4D22E5392447310F009A54ED /* ContentView.swift in Sources */ = {isa = PBXBuildFile; fileRef = 4D22E5382447310F009A54ED /* ContentView.swift */; };
		4D22E53B24473110009A54ED /* Assets.xcassets in Resources */ = {isa = PBXBuildFile; fileRef = 4D22E53A24473110009A54ED /* Assets.xcassets */; };
		4D22E53E24473110009A54ED /* Preview Assets.xcassets in Resources */ = {isa = PBXBuildFile; fileRef = 4D22E53D24473110009A54ED /* Preview Assets.xcassets */; };
		4D22E54124473110009A54ED /* LaunchScreen.storyboard in Resources */ = {isa = PBXBuildFile; fileRef = 4D22E53F24473110009A54ED /* LaunchScreen.storyboard */; };
		4D22E5652447321A009A54ED /* Table.swift in Sources */ = {isa = PBXBuildFile; fileRef = 4D22E5642447321A009A54ED /* Table.swift */; };
		4D22E56824473521009A54ED /* ModelTests.swift in Sources */ = {isa = PBXBuildFile; fileRef = 4D22E56724473521009A54ED /* ModelTests.swift */; };
		4D22E56A244740CD009A54ED /* ButtonStyleColored.swift in Sources */ = {isa = PBXBuildFile; fileRef = 4D22E569244740CD009A54ED /* ButtonStyleColored.swift */; };
		4D390E74244C4A9A00368D44 /* LearnView.swift in Sources */ = {isa = PBXBuildFile; fileRef = 4D390E73244C4A9A00368D44 /* LearnView.swift */; };
		4D3E81002493E2020034CF25 /* MultiplicationQuestionView.swift in Sources */ = {isa = PBXBuildFile; fileRef = 4D3E80FF2493E2020034CF25 /* MultiplicationQuestionView.swift */; };
		4D4A6F69244DC7D100830A71 /* PagesViewController.swift in Sources */ = {isa = PBXBuildFile; fileRef = 4D4A6F68244DC7D100830A71 /* PagesViewController.swift */; };
		4D4A6F6B244DCB1500830A71 /* PageView.swift in Sources */ = {isa = PBXBuildFile; fileRef = 4D4A6F6A244DCB1500830A71 /* PageView.swift */; };
		4D4A6F6D244DCFBC00830A71 /* PageControl.swift in Sources */ = {isa = PBXBuildFile; fileRef = 4D4A6F6C244DCFBC00830A71 /* PageControl.swift */; };
		4D4A6FB8244F146D00830A71 /* GameView.swift in Sources */ = {isa = PBXBuildFile; fileRef = 4D4A6FB7244F146D00830A71 /* GameView.swift */; };
		4D4A6FBA244F174B00830A71 /* MainButtonStyle.swift in Sources */ = {isa = PBXBuildFile; fileRef = 4D4A6FB9244F174B00830A71 /* MainButtonStyle.swift */; };
		4D675FAD248E4CC8007041D5 /* ScoreGraph.swift in Sources */ = {isa = PBXBuildFile; fileRef = 4D675FAC248E4CC8007041D5 /* ScoreGraph.swift */; };
		4D7EF2A024584F8E00DFF589 /* ButtonsChoice.swift in Sources */ = {isa = PBXBuildFile; fileRef = 4D7EF29F24584F8E00DFF589 /* ButtonsChoice.swift */; };
		4D7EF2A224585CC600DFF589 /* AppTitle.swift in Sources */ = {isa = PBXBuildFile; fileRef = 4D7EF2A124585CC600DFF589 /* AppTitle.swift */; };
		4D7EF2A524585F1D00DFF589 /* GameViewModel.swift in Sources */ = {isa = PBXBuildFile; fileRef = 4D7EF2A424585F1D00DFF589 /* GameViewModel.swift */; };
		4D7EF2A7245872C200DFF589 /* NavigationButtons.swift in Sources */ = {isa = PBXBuildFile; fileRef = 4D7EF2A6245872C200DFF589 /* NavigationButtons.swift */; };
		4D7EF2A92458749B00DFF589 /* SettingsButton.swift in Sources */ = {isa = PBXBuildFile; fileRef = 4D7EF2A82458749B00DFF589 /* SettingsButton.swift */; };
		4D7EF2AB2458794E00DFF589 /* Extensions.swift in Sources */ = {isa = PBXBuildFile; fileRef = 4D7EF2AA2458794E00DFF589 /* Extensions.swift */; };
		4D7EF2AD24587CC000DFF589 /* ScoresView.swift in Sources */ = {isa = PBXBuildFile; fileRef = 4D7EF2AC24587CC000DFF589 /* ScoresView.swift */; };
		4D7EF2AF2458821F00DFF589 /* SettingsView.swift in Sources */ = {isa = PBXBuildFile; fileRef = 4D7EF2AE2458821F00DFF589 /* SettingsView.swift */; };
		4D85BB102449B07B002204D6 /* AppColorScheme.swift in Sources */ = {isa = PBXBuildFile; fileRef = 4D85BB0F2449B07B002204D6 /* AppColorScheme.swift */; };
		4D939DFB2466FE8E00039866 /* ViewExtensions.swift in Sources */ = {isa = PBXBuildFile; fileRef = 4D939DFA2466FE8E00039866 /* ViewExtensions.swift */; };
		4D939E8324682FB700039866 /* Localizable.strings in Resources */ = {isa = PBXBuildFile; fileRef = 4D939E8124682FB700039866 /* Localizable.strings */; };
		4DA0D2E9245F573000019371 /* GameStartView.swift in Sources */ = {isa = PBXBuildFile; fileRef = 4DA0D2E8245F573000019371 /* GameStartView.swift */; };
		4DA12E4A246B3E60004D044E /* NumPad.swift in Sources */ = {isa = PBXBuildFile; fileRef = 4DA12E49246B3E60004D044E /* NumPad.swift */; };
		4DA12E5B246FE161004D044E /* BackButton.swift in Sources */ = {isa = PBXBuildFile; fileRef = 4DA12E5A246FE161004D044E /* BackButton.swift */; };
		4DA2FA652468C4A300EE23A4 /* Settings.bundle in Resources */ = {isa = PBXBuildFile; fileRef = 4DA2FA642468C4A300EE23A4 /* Settings.bundle */; };
		4DD9020B24A366800019F494 /* Translation.swift in Sources */ = {isa = PBXBuildFile; fileRef = 4DD9020A24A366800019F494 /* Translation.swift */; };
		4DEC1CF22458FE8C0093D39C /* SoftShadow.swift in Sources */ = {isa = PBXBuildFile; fileRef = 4DEC1CF12458FE8C0093D39C /* SoftShadow.swift */; };
		4DF436E02486A060009CBDCF /* CloudKit.framework in Frameworks */ = {isa = PBXBuildFile; fileRef = 4DF436DF2486A060009CBDCF /* CloudKit.framework */; };
		4DF436E62486AEAC009CBDCF /* EnterScoreView.swift in Sources */ = {isa = PBXBuildFile; fileRef = 4DF436E52486AEAC009CBDCF /* EnterScoreView.swift */; };
		4DF587242479180E005E2B9F /* GameTrainingView.swift in Sources */ = {isa = PBXBuildFile; fileRef = 4DF587232479180E005E2B9F /* GameTrainingView.swift */; };
		4DF58729247AACFE005E2B9F /* RoundedBackButtonStyle.swift in Sources */ = {isa = PBXBuildFile; fileRef = 4DF58728247AACFE005E2B9F /* RoundedBackButtonStyle.swift */; };
		4DF6524C248FB87D00701DCC /* GameTimer.swift in Sources */ = {isa = PBXBuildFile; fileRef = 4DF6524B248FB87D00701DCC /* GameTimer.swift */; };
/* End PBXBuildFile section */

/* Begin PBXContainerItemProxy section */
		4D22E54824473110009A54ED /* PBXContainerItemProxy */ = {
			isa = PBXContainerItemProxy;
			containerPortal = 4D22E5262447310F009A54ED /* Project object */;
			proxyType = 1;
			remoteGlobalIDString = 4D22E52D2447310F009A54ED;
			remoteInfo = MultiplyBy;
		};
		4D22E55324473110009A54ED /* PBXContainerItemProxy */ = {
			isa = PBXContainerItemProxy;
			containerPortal = 4D22E5262447310F009A54ED /* Project object */;
			proxyType = 1;
			remoteGlobalIDString = 4D22E52D2447310F009A54ED;
			remoteInfo = MultiplyBy;
		};
/* End PBXContainerItemProxy section */

/* Begin PBXFileReference section */
		4D0C2AB6245D8D3E00D0B6E5 /* ViewModelTests.swift */ = {isa = PBXFileReference; lastKnownFileType = sourcecode.swift; path = ViewModelTests.swift; sourceTree = "<group>"; };
		4D0C3EA624A385D7001BDA2A /* fr */ = {isa = PBXFileReference; lastKnownFileType = file.storyboard; name = fr; path = fr.lproj/LaunchScreen.storyboard; sourceTree = "<group>"; };
		4D1F991124916B54005BCAB1 /* EraseButton.swift */ = {isa = PBXFileReference; lastKnownFileType = sourcecode.swift; path = EraseButton.swift; sourceTree = "<group>"; };
		4D1F99132491760C005BCAB1 /* MultiplicationAnswerView.swift */ = {isa = PBXFileReference; lastKnownFileType = sourcecode.swift; path = MultiplicationAnswerView.swift; sourceTree = "<group>"; };
		4D215992249570ED0050F2A6 /* de */ = {isa = PBXFileReference; lastKnownFileType = text.plist.strings; name = de; path = de.lproj/Localizable.strings; sourceTree = "<group>"; };
		4D22E52E2447310F009A54ED /* MultiplyBy.app */ = {isa = PBXFileReference; explicitFileType = wrapper.application; includeInIndex = 0; path = MultiplyBy.app; sourceTree = BUILT_PRODUCTS_DIR; };
		4D22E5312447310F009A54ED /* AppDelegate.swift */ = {isa = PBXFileReference; lastKnownFileType = sourcecode.swift; path = AppDelegate.swift; sourceTree = "<group>"; };
		4D22E5332447310F009A54ED /* SceneDelegate.swift */ = {isa = PBXFileReference; lastKnownFileType = sourcecode.swift; path = SceneDelegate.swift; sourceTree = "<group>"; };
		4D22E5362447310F009A54ED /* MultiplyBy.xcdatamodel */ = {isa = PBXFileReference; lastKnownFileType = wrapper.xcdatamodel; path = MultiplyBy.xcdatamodel; sourceTree = "<group>"; };
		4D22E5382447310F009A54ED /* ContentView.swift */ = {isa = PBXFileReference; lastKnownFileType = sourcecode.swift; path = ContentView.swift; sourceTree = "<group>"; };
		4D22E53A24473110009A54ED /* Assets.xcassets */ = {isa = PBXFileReference; lastKnownFileType = folder.assetcatalog; path = Assets.xcassets; sourceTree = "<group>"; };
		4D22E53D24473110009A54ED /* Preview Assets.xcassets */ = {isa = PBXFileReference; lastKnownFileType = folder.assetcatalog; path = "Preview Assets.xcassets"; sourceTree = "<group>"; };
		4D22E54024473110009A54ED /* Base */ = {isa = PBXFileReference; lastKnownFileType = file.storyboard; name = Base; path = Base.lproj/LaunchScreen.storyboard; sourceTree = "<group>"; };
		4D22E54224473110009A54ED /* Info.plist */ = {isa = PBXFileReference; lastKnownFileType = text.plist.xml; path = Info.plist; sourceTree = "<group>"; };
		4D22E54724473110009A54ED /* MultiplyByTests.xctest */ = {isa = PBXFileReference; explicitFileType = wrapper.cfbundle; includeInIndex = 0; path = MultiplyByTests.xctest; sourceTree = BUILT_PRODUCTS_DIR; };
		4D22E54D24473110009A54ED /* Info.plist */ = {isa = PBXFileReference; lastKnownFileType = text.plist.xml; path = Info.plist; sourceTree = "<group>"; };
		4D22E55224473110009A54ED /* MultiplyByUITests.xctest */ = {isa = PBXFileReference; explicitFileType = wrapper.cfbundle; includeInIndex = 0; path = MultiplyByUITests.xctest; sourceTree = BUILT_PRODUCTS_DIR; };
		4D22E5642447321A009A54ED /* Table.swift */ = {isa = PBXFileReference; lastKnownFileType = sourcecode.swift; path = Table.swift; sourceTree = "<group>"; };
		4D22E56724473521009A54ED /* ModelTests.swift */ = {isa = PBXFileReference; lastKnownFileType = sourcecode.swift; path = ModelTests.swift; sourceTree = "<group>"; };
		4D22E569244740CD009A54ED /* ButtonStyleColored.swift */ = {isa = PBXFileReference; lastKnownFileType = sourcecode.swift; path = ButtonStyleColored.swift; sourceTree = "<group>"; };
		4D390E73244C4A9A00368D44 /* LearnView.swift */ = {isa = PBXFileReference; lastKnownFileType = sourcecode.swift; path = LearnView.swift; sourceTree = "<group>"; };
		4D3E80FF2493E2020034CF25 /* MultiplicationQuestionView.swift */ = {isa = PBXFileReference; lastKnownFileType = sourcecode.swift; path = MultiplicationQuestionView.swift; sourceTree = "<group>"; };
		4D4A6F68244DC7D100830A71 /* PagesViewController.swift */ = {isa = PBXFileReference; lastKnownFileType = sourcecode.swift; path = PagesViewController.swift; sourceTree = "<group>"; };
		4D4A6F6A244DCB1500830A71 /* PageView.swift */ = {isa = PBXFileReference; lastKnownFileType = sourcecode.swift; path = PageView.swift; sourceTree = "<group>"; };
		4D4A6F6C244DCFBC00830A71 /* PageControl.swift */ = {isa = PBXFileReference; lastKnownFileType = sourcecode.swift; path = PageControl.swift; sourceTree = "<group>"; };
		4D4A6FB7244F146D00830A71 /* GameView.swift */ = {isa = PBXFileReference; lastKnownFileType = sourcecode.swift; path = GameView.swift; sourceTree = "<group>"; };
		4D4A6FB9244F174B00830A71 /* MainButtonStyle.swift */ = {isa = PBXFileReference; lastKnownFileType = sourcecode.swift; path = MainButtonStyle.swift; sourceTree = "<group>"; };
		4D675FAC248E4CC8007041D5 /* ScoreGraph.swift */ = {isa = PBXFileReference; lastKnownFileType = sourcecode.swift; path = ScoreGraph.swift; sourceTree = "<group>"; };
		4D7EF29F24584F8E00DFF589 /* ButtonsChoice.swift */ = {isa = PBXFileReference; lastKnownFileType = sourcecode.swift; path = ButtonsChoice.swift; sourceTree = "<group>"; };
		4D7EF2A124585CC600DFF589 /* AppTitle.swift */ = {isa = PBXFileReference; lastKnownFileType = sourcecode.swift; path = AppTitle.swift; sourceTree = "<group>"; };
		4D7EF2A424585F1D00DFF589 /* GameViewModel.swift */ = {isa = PBXFileReference; lastKnownFileType = sourcecode.swift; path = GameViewModel.swift; sourceTree = "<group>"; };
		4D7EF2A6245872C200DFF589 /* NavigationButtons.swift */ = {isa = PBXFileReference; lastKnownFileType = sourcecode.swift; path = NavigationButtons.swift; sourceTree = "<group>"; };
		4D7EF2A82458749B00DFF589 /* SettingsButton.swift */ = {isa = PBXFileReference; lastKnownFileType = sourcecode.swift; path = SettingsButton.swift; sourceTree = "<group>"; };
		4D7EF2AA2458794E00DFF589 /* Extensions.swift */ = {isa = PBXFileReference; lastKnownFileType = sourcecode.swift; path = Extensions.swift; sourceTree = "<group>"; };
		4D7EF2AC24587CC000DFF589 /* ScoresView.swift */ = {isa = PBXFileReference; lastKnownFileType = sourcecode.swift; path = ScoresView.swift; sourceTree = "<group>"; };
		4D7EF2AE2458821F00DFF589 /* SettingsView.swift */ = {isa = PBXFileReference; lastKnownFileType = sourcecode.swift; path = SettingsView.swift; sourceTree = "<group>"; };
		4D85BB0F2449B07B002204D6 /* AppColorScheme.swift */ = {isa = PBXFileReference; lastKnownFileType = sourcecode.swift; path = AppColorScheme.swift; sourceTree = "<group>"; };
		4D939DFA2466FE8E00039866 /* ViewExtensions.swift */ = {isa = PBXFileReference; lastKnownFileType = sourcecode.swift; path = ViewExtensions.swift; sourceTree = "<group>"; };
		4D939E8224682FB700039866 /* en */ = {isa = PBXFileReference; lastKnownFileType = text.plist.strings; name = en; path = en.lproj/Localizable.strings; sourceTree = "<group>"; };
		4D939E8424682FC400039866 /* fr */ = {isa = PBXFileReference; lastKnownFileType = text.plist.strings; name = fr; path = fr.lproj/Localizable.strings; sourceTree = "<group>"; };
		4D9819C7249B516500CC5822 /* UnitTest.xctestplan */ = {isa = PBXFileReference; lastKnownFileType = text; name = UnitTest.xctestplan; path = MultiplyByUITests/UnitTest.xctestplan; sourceTree = SOURCE_ROOT; };
		4DA0D2E8245F573000019371 /* GameStartView.swift */ = {isa = PBXFileReference; lastKnownFileType = sourcecode.swift; path = GameStartView.swift; sourceTree = "<group>"; };
		4DA12E49246B3E60004D044E /* NumPad.swift */ = {isa = PBXFileReference; lastKnownFileType = sourcecode.swift; path = NumPad.swift; sourceTree = "<group>"; };
		4DA12E5A246FE161004D044E /* BackButton.swift */ = {isa = PBXFileReference; lastKnownFileType = sourcecode.swift; path = BackButton.swift; sourceTree = "<group>"; };
		4DA2FA642468C4A300EE23A4 /* Settings.bundle */ = {isa = PBXFileReference; lastKnownFileType = "wrapper.plug-in"; path = Settings.bundle; sourceTree = "<group>"; };
		4DD9020A24A366800019F494 /* Translation.swift */ = {isa = PBXFileReference; lastKnownFileType = sourcecode.swift; path = Translation.swift; sourceTree = "<group>"; };
		4DEC1CF12458FE8C0093D39C /* SoftShadow.swift */ = {isa = PBXFileReference; lastKnownFileType = sourcecode.swift; path = SoftShadow.swift; sourceTree = "<group>"; };
		4DF436DD2486A05A009CBDCF /* MultiplyBy.entitlements */ = {isa = PBXFileReference; lastKnownFileType = text.plist.entitlements; path = MultiplyBy.entitlements; sourceTree = "<group>"; };
		4DF436DF2486A060009CBDCF /* CloudKit.framework */ = {isa = PBXFileReference; lastKnownFileType = wrapper.framework; name = CloudKit.framework; path = System/Library/Frameworks/CloudKit.framework; sourceTree = SDKROOT; };
		4DF436E52486AEAC009CBDCF /* EnterScoreView.swift */ = {isa = PBXFileReference; lastKnownFileType = sourcecode.swift; path = EnterScoreView.swift; sourceTree = "<group>"; };
		4DF587232479180E005E2B9F /* GameTrainingView.swift */ = {isa = PBXFileReference; lastKnownFileType = sourcecode.swift; path = GameTrainingView.swift; sourceTree = "<group>"; };
		4DF58728247AACFE005E2B9F /* RoundedBackButtonStyle.swift */ = {isa = PBXFileReference; lastKnownFileType = sourcecode.swift; path = RoundedBackButtonStyle.swift; sourceTree = "<group>"; };
		4DF6524B248FB87D00701DCC /* GameTimer.swift */ = {isa = PBXFileReference; lastKnownFileType = sourcecode.swift; path = GameTimer.swift; sourceTree = "<group>"; };
/* End PBXFileReference section */

/* Begin PBXFrameworksBuildPhase section */
		4D22E52B2447310F009A54ED /* Frameworks */ = {
			isa = PBXFrameworksBuildPhase;
			buildActionMask = 2147483647;
			files = (
				4DF436E02486A060009CBDCF /* CloudKit.framework in Frameworks */,
			);
			runOnlyForDeploymentPostprocessing = 0;
		};
		4D22E54424473110009A54ED /* Frameworks */ = {
			isa = PBXFrameworksBuildPhase;
			buildActionMask = 2147483647;
			files = (
			);
			runOnlyForDeploymentPostprocessing = 0;
		};
		4D22E54F24473110009A54ED /* Frameworks */ = {
			isa = PBXFrameworksBuildPhase;
			buildActionMask = 2147483647;
			files = (
			);
			runOnlyForDeploymentPostprocessing = 0;
		};
/* End PBXFrameworksBuildPhase section */

/* Begin PBXGroup section */
		4D01C36724AB784100B2CFB2 /* Supporting Files */ = {
			isa = PBXGroup;
			children = (
				4D22E53A24473110009A54ED /* Assets.xcassets */,
				4DD9020A24A366800019F494 /* Translation.swift */,
			);
			path = "Supporting Files";
			sourceTree = "<group>";
		};
		4D08C6C22450F1350069295F /* UIPagesView */ = {
			isa = PBXGroup;
			children = (
				4D4A6F6A244DCB1500830A71 /* PageView.swift */,
				4D4A6F6C244DCFBC00830A71 /* PageControl.swift */,
				4D4A6F68244DC7D100830A71 /* PagesViewController.swift */,
			);
			path = UIPagesView;
			sourceTree = "<group>";
		};
		4D0C3EA724A388A1001BDA2A /* ContentView Elements */ = {
			isa = PBXGroup;
			children = (
				4D22E569244740CD009A54ED /* ButtonStyleColored.swift */,
				4D7EF29F24584F8E00DFF589 /* ButtonsChoice.swift */,
				4D7EF2A6245872C200DFF589 /* NavigationButtons.swift */,
				4D7EF2A82458749B00DFF589 /* SettingsButton.swift */,
				4D7EF2A124585CC600DFF589 /* AppTitle.swift */,
			);
			path = "ContentView Elements";
			sourceTree = "<group>";
		};
		4D0C3EA824A389C9001BDA2A /* ScoresView Elements */ = {
			isa = PBXGroup;
			children = (
				4D1F991124916B54005BCAB1 /* EraseButton.swift */,
				4D675FAC248E4CC8007041D5 /* ScoreGraph.swift */,
			);
			path = "ScoresView Elements";
			sourceTree = "<group>";
		};
		4D0C3EA924A38A04001BDA2A /* GameView Elements */ = {
			isa = PBXGroup;
			children = (
				4DF6524B248FB87D00701DCC /* GameTimer.swift */,
			);
			path = "GameView Elements";
			sourceTree = "<group>";
		};
		4D22E5252447310F009A54ED = {
			isa = PBXGroup;
			children = (
				4D22E5302447310F009A54ED /* MultiplyBy */,
				4D22E54A24473110009A54ED /* MultiplyByTests */,
				4D22E52F2447310F009A54ED /* Products */,
				4DF436DE2486A060009CBDCF /* Frameworks */,
			);
			sourceTree = "<group>";
		};
		4D22E52F2447310F009A54ED /* Products */ = {
			isa = PBXGroup;
			children = (
				4D22E52E2447310F009A54ED /* MultiplyBy.app */,
				4D22E54724473110009A54ED /* MultiplyByTests.xctest */,
				4D22E55224473110009A54ED /* MultiplyByUITests.xctest */,
			);
			name = Products;
			sourceTree = "<group>";
		};
		4D22E5302447310F009A54ED /* MultiplyBy */ = {
			isa = PBXGroup;
			children = (
				4DF436DD2486A05A009CBDCF /* MultiplyBy.entitlements */,
				4D22E5312447310F009A54ED /* AppDelegate.swift */,
				4DA2FA642468C4A300EE23A4 /* Settings.bundle */,
				4D22E5332447310F009A54ED /* SceneDelegate.swift */,
				4D22E5662447323B009A54ED /* Model */,
				4D7EF2A324585F0500DFF589 /* View Model */,
				4D85BB112449B0AD002204D6 /* View */,
				4D01C36724AB784100B2CFB2 /* Supporting Files */,
				4D22E53F24473110009A54ED /* LaunchScreen.storyboard */,
				4D22E54224473110009A54ED /* Info.plist */,
				4D939E8124682FB700039866 /* Localizable.strings */,
				4D22E5352447310F009A54ED /* MultiplyBy.xcdatamodeld */,
				4D22E53C24473110009A54ED /* Preview Content */,
			);
			path = MultiplyBy;
			sourceTree = "<group>";
		};
		4D22E53C24473110009A54ED /* Preview Content */ = {
			isa = PBXGroup;
			children = (
				4D22E53D24473110009A54ED /* Preview Assets.xcassets */,
			);
			path = "Preview Content";
			sourceTree = "<group>";
		};
		4D22E54A24473110009A54ED /* MultiplyByTests */ = {
			isa = PBXGroup;
			children = (
				4D22E56724473521009A54ED /* ModelTests.swift */,
				4D0C2AB6245D8D3E00D0B6E5 /* ViewModelTests.swift */,
				4D9819C7249B516500CC5822 /* UnitTest.xctestplan */,
				4D22E54D24473110009A54ED /* Info.plist */,
			);
			path = MultiplyByTests;
			sourceTree = "<group>";
		};
		4D22E5662447323B009A54ED /* Model */ = {
			isa = PBXGroup;
			children = (
				4D22E5642447321A009A54ED /* Table.swift */,
				4D7EF2AA2458794E00DFF589 /* Extensions.swift */,
			);
			path = Model;
			sourceTree = "<group>";
		};
		4D7EF2A324585F0500DFF589 /* View Model */ = {
			isa = PBXGroup;
			children = (
				4D7EF2A424585F1D00DFF589 /* GameViewModel.swift */,
			);
			path = "View Model";
			sourceTree = "<group>";
		};
		4D85BB112449B0AD002204D6 /* View */ = {
			isa = PBXGroup;
			children = (
				4D22E5382447310F009A54ED /* ContentView.swift */,
				4D0C3EA724A388A1001BDA2A /* ContentView Elements */,
				4D7EF2AE2458821F00DFF589 /* SettingsView.swift */,
				4D390E73244C4A9A00368D44 /* LearnView.swift */,
				4D7EF2AC24587CC000DFF589 /* ScoresView.swift */,
				4D0C3EA824A389C9001BDA2A /* ScoresView Elements */,
				4DA0D2E8245F573000019371 /* GameStartView.swift */,
				4DF587232479180E005E2B9F /* GameTrainingView.swift */,
				4D4A6FB7244F146D00830A71 /* GameView.swift */,
				4D0C3EA924A38A04001BDA2A /* GameView Elements */,
				4DF436E52486AEAC009CBDCF /* EnterScoreView.swift */,
				4DF587252479200F005E2B9F /* Shared Views Elements */,
				4D08C6C22450F1350069295F /* UIPagesView */,
			);
			path = View;
			sourceTree = "<group>";
		};
		4DF436DE2486A060009CBDCF /* Frameworks */ = {
			isa = PBXGroup;
			children = (
				4DF436DF2486A060009CBDCF /* CloudKit.framework */,
			);
			name = Frameworks;
			sourceTree = "<group>";
		};
		4DF587252479200F005E2B9F /* Shared Views Elements */ = {
			isa = PBXGroup;
			children = (
				4D85BB0F2449B07B002204D6 /* AppColorScheme.swift */,
				4DA12E5A246FE161004D044E /* BackButton.swift */,
				4D4A6FB9244F174B00830A71 /* MainButtonStyle.swift */,
				4D1F99132491760C005BCAB1 /* MultiplicationAnswerView.swift */,
				4D3E80FF2493E2020034CF25 /* MultiplicationQuestionView.swift */,
				4DA12E49246B3E60004D044E /* NumPad.swift */,
				4DF58728247AACFE005E2B9F /* RoundedBackButtonStyle.swift */,
				4DEC1CF12458FE8C0093D39C /* SoftShadow.swift */,
				4D939DFA2466FE8E00039866 /* ViewExtensions.swift */,
			);
			path = "Shared Views Elements";
			sourceTree = "<group>";
		};
/* End PBXGroup section */

/* Begin PBXNativeTarget section */
		4D22E52D2447310F009A54ED /* MultiplyBy */ = {
			isa = PBXNativeTarget;
			buildConfigurationList = 4D22E55B24473110009A54ED /* Build configuration list for PBXNativeTarget "MultiplyBy" */;
			buildPhases = (
				4D22E52A2447310F009A54ED /* Sources */,
				4D22E52B2447310F009A54ED /* Frameworks */,
				4D22E52C2447310F009A54ED /* Resources */,
			);
			buildRules = (
			);
			dependencies = (
			);
			name = MultiplyBy;
			productName = MultiplyBy;
			productReference = 4D22E52E2447310F009A54ED /* MultiplyBy.app */;
			productType = "com.apple.product-type.application";
		};
		4D22E54624473110009A54ED /* MultiplyByTests */ = {
			isa = PBXNativeTarget;
			buildConfigurationList = 4D22E55E24473110009A54ED /* Build configuration list for PBXNativeTarget "MultiplyByTests" */;
			buildPhases = (
				4D22E54324473110009A54ED /* Sources */,
				4D22E54424473110009A54ED /* Frameworks */,
				4D22E54524473110009A54ED /* Resources */,
			);
			buildRules = (
			);
			dependencies = (
				4D22E54924473110009A54ED /* PBXTargetDependency */,
			);
			name = MultiplyByTests;
			productName = MultiplyByTests;
			productReference = 4D22E54724473110009A54ED /* MultiplyByTests.xctest */;
			productType = "com.apple.product-type.bundle.unit-test";
		};
		4D22E55124473110009A54ED /* MultiplyByUITests */ = {
			isa = PBXNativeTarget;
			buildConfigurationList = 4D22E56124473110009A54ED /* Build configuration list for PBXNativeTarget "MultiplyByUITests" */;
			buildPhases = (
				4D22E54E24473110009A54ED /* Sources */,
				4D22E54F24473110009A54ED /* Frameworks */,
				4D22E55024473110009A54ED /* Resources */,
			);
			buildRules = (
			);
			dependencies = (
				4D22E55424473110009A54ED /* PBXTargetDependency */,
			);
			name = MultiplyByUITests;
			productName = MultiplyByUITests;
			productReference = 4D22E55224473110009A54ED /* MultiplyByUITests.xctest */;
			productType = "com.apple.product-type.bundle.ui-testing";
		};
/* End PBXNativeTarget section */

/* Begin PBXProject section */
		4D22E5262447310F009A54ED /* Project object */ = {
			isa = PBXProject;
			attributes = {
				LastSwiftUpdateCheck = 1140;
				LastUpgradeCheck = 1140;
				ORGANIZATIONNAME = OpenClassrooms;
				TargetAttributes = {
					4D22E52D2447310F009A54ED = {
						CreatedOnToolsVersion = 11.4;
					};
					4D22E54624473110009A54ED = {
						CreatedOnToolsVersion = 11.4;
						TestTargetID = 4D22E52D2447310F009A54ED;
					};
					4D22E55124473110009A54ED = {
						CreatedOnToolsVersion = 11.4;
						TestTargetID = 4D22E52D2447310F009A54ED;
					};
				};
			};
			buildConfigurationList = 4D22E5292447310F009A54ED /* Build configuration list for PBXProject "MultiplyBy" */;
			compatibilityVersion = "Xcode 9.3";
			developmentRegion = en;
			hasScannedForEncodings = 0;
			knownRegions = (
				en,
				Base,
				fr,
				de,
			);
			mainGroup = 4D22E5252447310F009A54ED;
			productRefGroup = 4D22E52F2447310F009A54ED /* Products */;
			projectDirPath = "";
			projectRoot = "";
			targets = (
				4D22E52D2447310F009A54ED /* MultiplyBy */,
				4D22E54624473110009A54ED /* MultiplyByTests */,
				4D22E55124473110009A54ED /* MultiplyByUITests */,
			);
		};
/* End PBXProject section */

/* Begin PBXResourcesBuildPhase section */
		4D22E52C2447310F009A54ED /* Resources */ = {
			isa = PBXResourcesBuildPhase;
			buildActionMask = 2147483647;
			files = (
				4D22E54124473110009A54ED /* LaunchScreen.storyboard in Resources */,
				4D939E8324682FB700039866 /* Localizable.strings in Resources */,
				4DA2FA652468C4A300EE23A4 /* Settings.bundle in Resources */,
				4D22E53E24473110009A54ED /* Preview Assets.xcassets in Resources */,
				4D22E53B24473110009A54ED /* Assets.xcassets in Resources */,
			);
			runOnlyForDeploymentPostprocessing = 0;
		};
		4D22E54524473110009A54ED /* Resources */ = {
			isa = PBXResourcesBuildPhase;
			buildActionMask = 2147483647;
			files = (
			);
			runOnlyForDeploymentPostprocessing = 0;
		};
		4D22E55024473110009A54ED /* Resources */ = {
			isa = PBXResourcesBuildPhase;
			buildActionMask = 2147483647;
			files = (
			);
			runOnlyForDeploymentPostprocessing = 0;
		};
/* End PBXResourcesBuildPhase section */

/* Begin PBXSourcesBuildPhase section */
		4D22E52A2447310F009A54ED /* Sources */ = {
			isa = PBXSourcesBuildPhase;
			buildActionMask = 2147483647;
			files = (
				4D22E5372447310F009A54ED /* MultiplyBy.xcdatamodeld in Sources */,
				4D7EF2AF2458821F00DFF589 /* SettingsView.swift in Sources */,
				4D7EF2A7245872C200DFF589 /* NavigationButtons.swift in Sources */,
				4D22E5652447321A009A54ED /* Table.swift in Sources */,
				4DD9020B24A366800019F494 /* Translation.swift in Sources */,
				4D7EF2AD24587CC000DFF589 /* ScoresView.swift in Sources */,
				4D1F991224916B54005BCAB1 /* EraseButton.swift in Sources */,
				4DF587242479180E005E2B9F /* GameTrainingView.swift in Sources */,
				4DEC1CF22458FE8C0093D39C /* SoftShadow.swift in Sources */,
				4DF6524C248FB87D00701DCC /* GameTimer.swift in Sources */,
				4D4A6FBA244F174B00830A71 /* MainButtonStyle.swift in Sources */,
				4D7EF2A224585CC600DFF589 /* AppTitle.swift in Sources */,
				4D4A6F69244DC7D100830A71 /* PagesViewController.swift in Sources */,
				4D7EF2A524585F1D00DFF589 /* GameViewModel.swift in Sources */,
				4D22E5322447310F009A54ED /* AppDelegate.swift in Sources */,
				4D1F99142491760C005BCAB1 /* MultiplicationAnswerView.swift in Sources */,
				4DA12E4A246B3E60004D044E /* NumPad.swift in Sources */,
				4D85BB102449B07B002204D6 /* AppColorScheme.swift in Sources */,
				4D939DFB2466FE8E00039866 /* ViewExtensions.swift in Sources */,
				4D4A6F6B244DCB1500830A71 /* PageView.swift in Sources */,
				4D22E5392447310F009A54ED /* ContentView.swift in Sources */,
				4D675FAD248E4CC8007041D5 /* ScoreGraph.swift in Sources */,
				4DF58729247AACFE005E2B9F /* RoundedBackButtonStyle.swift in Sources */,
				4D7EF2A92458749B00DFF589 /* SettingsButton.swift in Sources */,
				4DA12E5B246FE161004D044E /* BackButton.swift in Sources */,
				4DF436E62486AEAC009CBDCF /* EnterScoreView.swift in Sources */,
				4D7EF2AB2458794E00DFF589 /* Extensions.swift in Sources */,
				4D7EF2A024584F8E00DFF589 /* ButtonsChoice.swift in Sources */,
				4D22E5342447310F009A54ED /* SceneDelegate.swift in Sources */,
				4D3E81002493E2020034CF25 /* MultiplicationQuestionView.swift in Sources */,
				4D4A6F6D244DCFBC00830A71 /* PageControl.swift in Sources */,
				4D22E56A244740CD009A54ED /* ButtonStyleColored.swift in Sources */,
				4D4A6FB8244F146D00830A71 /* GameView.swift in Sources */,
				4DA0D2E9245F573000019371 /* GameStartView.swift in Sources */,
				4D390E74244C4A9A00368D44 /* LearnView.swift in Sources */,
			);
			runOnlyForDeploymentPostprocessing = 0;
		};
		4D22E54324473110009A54ED /* Sources */ = {
			isa = PBXSourcesBuildPhase;
			buildActionMask = 2147483647;
			files = (
				4D22E56824473521009A54ED /* ModelTests.swift in Sources */,
				4D0C2AB7245D8D3E00D0B6E5 /* ViewModelTests.swift in Sources */,
			);
			runOnlyForDeploymentPostprocessing = 0;
		};
		4D22E54E24473110009A54ED /* Sources */ = {
			isa = PBXSourcesBuildPhase;
			buildActionMask = 2147483647;
			files = (
			);
			runOnlyForDeploymentPostprocessing = 0;
		};
/* End PBXSourcesBuildPhase section */

/* Begin PBXTargetDependency section */
		4D22E54924473110009A54ED /* PBXTargetDependency */ = {
			isa = PBXTargetDependency;
			target = 4D22E52D2447310F009A54ED /* MultiplyBy */;
			targetProxy = 4D22E54824473110009A54ED /* PBXContainerItemProxy */;
		};
		4D22E55424473110009A54ED /* PBXTargetDependency */ = {
			isa = PBXTargetDependency;
			target = 4D22E52D2447310F009A54ED /* MultiplyBy */;
			targetProxy = 4D22E55324473110009A54ED /* PBXContainerItemProxy */;
		};
/* End PBXTargetDependency section */

/* Begin PBXVariantGroup section */
		4D22E53F24473110009A54ED /* LaunchScreen.storyboard */ = {
			isa = PBXVariantGroup;
			children = (
				4D22E54024473110009A54ED /* Base */,
				4D0C3EA624A385D7001BDA2A /* fr */,
			);
			name = LaunchScreen.storyboard;
			sourceTree = "<group>";
		};
		4D939E8124682FB700039866 /* Localizable.strings */ = {
			isa = PBXVariantGroup;
			children = (
				4D939E8224682FB700039866 /* en */,
				4D939E8424682FC400039866 /* fr */,
				4D215992249570ED0050F2A6 /* de */,
			);
			name = Localizable.strings;
			sourceTree = "<group>";
		};
/* End PBXVariantGroup section */

/* Begin XCBuildConfiguration section */
		4D22E55924473110009A54ED /* Debug */ = {
			isa = XCBuildConfiguration;
			buildSettings = {
				ALWAYS_SEARCH_USER_PATHS = NO;
				CLANG_ANALYZER_LOCALIZABILITY_NONLOCALIZED = YES;
				CLANG_ANALYZER_NONNULL = YES;
				CLANG_ANALYZER_NUMBER_OBJECT_CONVERSION = YES_AGGRESSIVE;
				CLANG_CXX_LANGUAGE_STANDARD = "gnu++14";
				CLANG_CXX_LIBRARY = "libc++";
				CLANG_ENABLE_MODULES = YES;
				CLANG_ENABLE_OBJC_ARC = YES;
				CLANG_ENABLE_OBJC_WEAK = YES;
				CLANG_WARN_BLOCK_CAPTURE_AUTORELEASING = YES;
				CLANG_WARN_BOOL_CONVERSION = YES;
				CLANG_WARN_COMMA = YES;
				CLANG_WARN_CONSTANT_CONVERSION = YES;
				CLANG_WARN_DEPRECATED_OBJC_IMPLEMENTATIONS = YES;
				CLANG_WARN_DIRECT_OBJC_ISA_USAGE = YES_ERROR;
				CLANG_WARN_DOCUMENTATION_COMMENTS = YES;
				CLANG_WARN_EMPTY_BODY = YES;
				CLANG_WARN_ENUM_CONVERSION = YES;
				CLANG_WARN_INFINITE_RECURSION = YES;
				CLANG_WARN_INT_CONVERSION = YES;
				CLANG_WARN_NON_LITERAL_NULL_CONVERSION = YES;
				CLANG_WARN_OBJC_IMPLICIT_RETAIN_SELF = YES;
				CLANG_WARN_OBJC_LITERAL_CONVERSION = YES;
				CLANG_WARN_OBJC_ROOT_CLASS = YES_ERROR;
				CLANG_WARN_RANGE_LOOP_ANALYSIS = YES;
				CLANG_WARN_STRICT_PROTOTYPES = YES;
				CLANG_WARN_SUSPICIOUS_MOVE = YES;
				CLANG_WARN_UNGUARDED_AVAILABILITY = YES_AGGRESSIVE;
				CLANG_WARN_UNREACHABLE_CODE = YES;
				CLANG_WARN__DUPLICATE_METHOD_MATCH = YES;
				COPY_PHASE_STRIP = NO;
				DEBUG_INFORMATION_FORMAT = dwarf;
				ENABLE_STRICT_OBJC_MSGSEND = YES;
				ENABLE_TESTABILITY = YES;
				GCC_C_LANGUAGE_STANDARD = gnu11;
				GCC_DYNAMIC_NO_PIC = NO;
				GCC_NO_COMMON_BLOCKS = YES;
				GCC_OPTIMIZATION_LEVEL = 0;
				GCC_PREPROCESSOR_DEFINITIONS = (
					"DEBUG=1",
					"$(inherited)",
				);
				GCC_WARN_64_TO_32_BIT_CONVERSION = YES;
				GCC_WARN_ABOUT_RETURN_TYPE = YES_ERROR;
				GCC_WARN_UNDECLARED_SELECTOR = YES;
				GCC_WARN_UNINITIALIZED_AUTOS = YES_AGGRESSIVE;
				GCC_WARN_UNUSED_FUNCTION = YES;
				GCC_WARN_UNUSED_VARIABLE = YES;
				IPHONEOS_DEPLOYMENT_TARGET = 13.0;
				MTL_ENABLE_DEBUG_INFO = INCLUDE_SOURCE;
				MTL_FAST_MATH = YES;
				ONLY_ACTIVE_ARCH = YES;
				SDKROOT = iphoneos;
				SWIFT_ACTIVE_COMPILATION_CONDITIONS = DEBUG;
				SWIFT_OPTIMIZATION_LEVEL = "-Onone";
			};
			name = Debug;
		};
		4D22E55A24473110009A54ED /* Release */ = {
			isa = XCBuildConfiguration;
			buildSettings = {
				ALWAYS_SEARCH_USER_PATHS = NO;
				CLANG_ANALYZER_LOCALIZABILITY_NONLOCALIZED = YES;
				CLANG_ANALYZER_NONNULL = YES;
				CLANG_ANALYZER_NUMBER_OBJECT_CONVERSION = YES_AGGRESSIVE;
				CLANG_CXX_LANGUAGE_STANDARD = "gnu++14";
				CLANG_CXX_LIBRARY = "libc++";
				CLANG_ENABLE_MODULES = YES;
				CLANG_ENABLE_OBJC_ARC = YES;
				CLANG_ENABLE_OBJC_WEAK = YES;
				CLANG_WARN_BLOCK_CAPTURE_AUTORELEASING = YES;
				CLANG_WARN_BOOL_CONVERSION = YES;
				CLANG_WARN_COMMA = YES;
				CLANG_WARN_CONSTANT_CONVERSION = YES;
				CLANG_WARN_DEPRECATED_OBJC_IMPLEMENTATIONS = YES;
				CLANG_WARN_DIRECT_OBJC_ISA_USAGE = YES_ERROR;
				CLANG_WARN_DOCUMENTATION_COMMENTS = YES;
				CLANG_WARN_EMPTY_BODY = YES;
				CLANG_WARN_ENUM_CONVERSION = YES;
				CLANG_WARN_INFINITE_RECURSION = YES;
				CLANG_WARN_INT_CONVERSION = YES;
				CLANG_WARN_NON_LITERAL_NULL_CONVERSION = YES;
				CLANG_WARN_OBJC_IMPLICIT_RETAIN_SELF = YES;
				CLANG_WARN_OBJC_LITERAL_CONVERSION = YES;
				CLANG_WARN_OBJC_ROOT_CLASS = YES_ERROR;
				CLANG_WARN_RANGE_LOOP_ANALYSIS = YES;
				CLANG_WARN_STRICT_PROTOTYPES = YES;
				CLANG_WARN_SUSPICIOUS_MOVE = YES;
				CLANG_WARN_UNGUARDED_AVAILABILITY = YES_AGGRESSIVE;
				CLANG_WARN_UNREACHABLE_CODE = YES;
				CLANG_WARN__DUPLICATE_METHOD_MATCH = YES;
				COPY_PHASE_STRIP = NO;
				DEBUG_INFORMATION_FORMAT = "dwarf-with-dsym";
				ENABLE_NS_ASSERTIONS = NO;
				ENABLE_STRICT_OBJC_MSGSEND = YES;
				GCC_C_LANGUAGE_STANDARD = gnu11;
				GCC_NO_COMMON_BLOCKS = YES;
				GCC_WARN_64_TO_32_BIT_CONVERSION = YES;
				GCC_WARN_ABOUT_RETURN_TYPE = YES_ERROR;
				GCC_WARN_UNDECLARED_SELECTOR = YES;
				GCC_WARN_UNINITIALIZED_AUTOS = YES_AGGRESSIVE;
				GCC_WARN_UNUSED_FUNCTION = YES;
				GCC_WARN_UNUSED_VARIABLE = YES;
				IPHONEOS_DEPLOYMENT_TARGET = 13.0;
				MTL_ENABLE_DEBUG_INFO = NO;
				MTL_FAST_MATH = YES;
				SDKROOT = iphoneos;
				SWIFT_COMPILATION_MODE = wholemodule;
				SWIFT_OPTIMIZATION_LEVEL = "-O";
				VALIDATE_PRODUCT = YES;
			};
			name = Release;
		};
		4D22E55C24473110009A54ED /* Debug */ = {
			isa = XCBuildConfiguration;
			buildSettings = {
				ASSETCATALOG_COMPILER_APPICON_NAME = AppIcon;
				CODE_SIGN_ENTITLEMENTS = MultiplyBy/MultiplyBy.entitlements;
				CODE_SIGN_STYLE = Automatic;
				CURRENT_PROJECT_VERSION = 3;
				DEVELOPMENT_ASSET_PATHS = "\"MultiplyBy/Preview Content\"";
				DEVELOPMENT_TEAM = 9N8W3RU962;
				ENABLE_PREVIEWS = YES;
				INFOPLIST_FILE = MultiplyBy/Info.plist;
				LD_RUNPATH_SEARCH_PATHS = (
					"$(inherited)",
					"@executable_path/Frameworks",
				);
				PRODUCT_BUNDLE_IDENTIFIER = com.sebastien.sarrazin.MultiplyBy;
				PRODUCT_NAME = "$(TARGET_NAME)";
				SWIFT_VERSION = 5.0;
				TARGETED_DEVICE_FAMILY = 1;
			};
			name = Debug;
		};
		4D22E55D24473110009A54ED /* Release */ = {
			isa = XCBuildConfiguration;
			buildSettings = {
				ASSETCATALOG_COMPILER_APPICON_NAME = AppIcon;
				CODE_SIGN_ENTITLEMENTS = MultiplyBy/MultiplyBy.entitlements;
				CODE_SIGN_STYLE = Automatic;
				CURRENT_PROJECT_VERSION = 3;
				DEVELOPMENT_ASSET_PATHS = "\"MultiplyBy/Preview Content\"";
				DEVELOPMENT_TEAM = 9N8W3RU962;
				ENABLE_PREVIEWS = YES;
				INFOPLIST_FILE = MultiplyBy/Info.plist;
				LD_RUNPATH_SEARCH_PATHS = (
					"$(inherited)",
					"@executable_path/Frameworks",
				);
				PRODUCT_BUNDLE_IDENTIFIER = com.sebastien.sarrazin.MultiplyBy;
				PRODUCT_NAME = "$(TARGET_NAME)";
				SWIFT_VERSION = 5.0;
				TARGETED_DEVICE_FAMILY = 1;
			};
			name = Release;
		};
		4D22E55F24473110009A54ED /* Debug */ = {
			isa = XCBuildConfiguration;
			buildSettings = {
				ALWAYS_EMBED_SWIFT_STANDARD_LIBRARIES = YES;
				BUNDLE_LOADER = "$(TEST_HOST)";
				CODE_SIGN_STYLE = Automatic;
				DEVELOPMENT_TEAM = 9N8W3RU962;
				INFOPLIST_FILE = MultiplyByTests/Info.plist;
				IPHONEOS_DEPLOYMENT_TARGET = 13.4;
				LD_RUNPATH_SEARCH_PATHS = (
					"$(inherited)",
					"@executable_path/Frameworks",
					"@loader_path/Frameworks",
				);
				PRODUCT_BUNDLE_IDENTIFIER = com.sebastien.sarrazin.MultiplyByTests;
				PRODUCT_NAME = "$(TARGET_NAME)";
				SWIFT_VERSION = 5.0;
				TARGETED_DEVICE_FAMILY = "1,2";
				TEST_HOST = "$(BUILT_PRODUCTS_DIR)/MultiplyBy.app/MultiplyBy";
			};
			name = Debug;
		};
		4D22E56024473110009A54ED /* Release */ = {
			isa = XCBuildConfiguration;
			buildSettings = {
				ALWAYS_EMBED_SWIFT_STANDARD_LIBRARIES = YES;
				BUNDLE_LOADER = "$(TEST_HOST)";
				CODE_SIGN_STYLE = Automatic;
				DEVELOPMENT_TEAM = 9N8W3RU962;
				INFOPLIST_FILE = MultiplyByTests/Info.plist;
				IPHONEOS_DEPLOYMENT_TARGET = 13.4;
				LD_RUNPATH_SEARCH_PATHS = (
					"$(inherited)",
					"@executable_path/Frameworks",
					"@loader_path/Frameworks",
				);
				PRODUCT_BUNDLE_IDENTIFIER = com.sebastien.sarrazin.MultiplyByTests;
				PRODUCT_NAME = "$(TARGET_NAME)";
				SWIFT_VERSION = 5.0;
				TARGETED_DEVICE_FAMILY = "1,2";
				TEST_HOST = "$(BUILT_PRODUCTS_DIR)/MultiplyBy.app/MultiplyBy";
			};
			name = Release;
		};
		4D22E56224473110009A54ED /* Debug */ = {
			isa = XCBuildConfiguration;
			buildSettings = {
				ALWAYS_EMBED_SWIFT_STANDARD_LIBRARIES = YES;
				CODE_SIGN_STYLE = Automatic;
				DEVELOPMENT_TEAM = 9N8W3RU962;
				INFOPLIST_FILE = MultiplyByUITests/Info.plist;
				LD_RUNPATH_SEARCH_PATHS = (
					"$(inherited)",
					"@executable_path/Frameworks",
					"@loader_path/Frameworks",
				);
				PRODUCT_BUNDLE_IDENTIFIER = com.sebastien.sarrazin.MultiplyByUITests;
				PRODUCT_NAME = "$(TARGET_NAME)";
				SWIFT_VERSION = 5.0;
				TARGETED_DEVICE_FAMILY = "1,2";
				TEST_TARGET_NAME = MultiplyBy;
			};
			name = Debug;
		};
		4D22E56324473110009A54ED /* Release */ = {
			isa = XCBuildConfiguration;
			buildSettings = {
				ALWAYS_EMBED_SWIFT_STANDARD_LIBRARIES = YES;
				CODE_SIGN_STYLE = Automatic;
				DEVELOPMENT_TEAM = 9N8W3RU962;
				INFOPLIST_FILE = MultiplyByUITests/Info.plist;
				LD_RUNPATH_SEARCH_PATHS = (
					"$(inherited)",
					"@executable_path/Frameworks",
					"@loader_path/Frameworks",
				);
				PRODUCT_BUNDLE_IDENTIFIER = com.sebastien.sarrazin.MultiplyByUITests;
				PRODUCT_NAME = "$(TARGET_NAME)";
				SWIFT_VERSION = 5.0;
				TARGETED_DEVICE_FAMILY = "1,2";
				TEST_TARGET_NAME = MultiplyBy;
			};
			name = Release;
		};
/* End XCBuildConfiguration section */

/* Begin XCConfigurationList section */
		4D22E5292447310F009A54ED /* Build configuration list for PBXProject "MultiplyBy" */ = {
			isa = XCConfigurationList;
			buildConfigurations = (
				4D22E55924473110009A54ED /* Debug */,
				4D22E55A24473110009A54ED /* Release */,
			);
			defaultConfigurationIsVisible = 0;
			defaultConfigurationName = Release;
		};
		4D22E55B24473110009A54ED /* Build configuration list for PBXNativeTarget "MultiplyBy" */ = {
			isa = XCConfigurationList;
			buildConfigurations = (
				4D22E55C24473110009A54ED /* Debug */,
				4D22E55D24473110009A54ED /* Release */,
			);
			defaultConfigurationIsVisible = 0;
			defaultConfigurationName = Release;
		};
		4D22E55E24473110009A54ED /* Build configuration list for PBXNativeTarget "MultiplyByTests" */ = {
			isa = XCConfigurationList;
			buildConfigurations = (
				4D22E55F24473110009A54ED /* Debug */,
				4D22E56024473110009A54ED /* Release */,
			);
			defaultConfigurationIsVisible = 0;
			defaultConfigurationName = Release;
		};
		4D22E56124473110009A54ED /* Build configuration list for PBXNativeTarget "MultiplyByUITests" */ = {
			isa = XCConfigurationList;
			buildConfigurations = (
				4D22E56224473110009A54ED /* Debug */,
				4D22E56324473110009A54ED /* Release */,
			);
			defaultConfigurationIsVisible = 0;
			defaultConfigurationName = Release;
		};
/* End XCConfigurationList section */

/* Begin XCVersionGroup section */
		4D22E5352447310F009A54ED /* MultiplyBy.xcdatamodeld */ = {
			isa = XCVersionGroup;
			children = (
				4D22E5362447310F009A54ED /* MultiplyBy.xcdatamodel */,
			);
			currentVersion = 4D22E5362447310F009A54ED /* MultiplyBy.xcdatamodel */;
			path = MultiplyBy.xcdatamodeld;
			sourceTree = "<group>";
			versionGroupType = wrapper.xcdatamodel;
		};
/* End XCVersionGroup section */
	};
	rootObject = 4D22E5262447310F009A54ED /* Project object */;
}
